PODS:
  - CryptoSwift (0.8.3)
  - Nimble (7.0.3)
  - Quick (1.2.0)
  - Starscream (3.0.5)
  - SwiftFlyer (0.2.1):
    - CryptoSwift (~> 0.8.3)
    - Starscream (~> 3.0.5)

DEPENDENCIES:
  - Nimble (~> 7.0.2)
  - Quick (~> 1.2.0)
  - SwiftFlyer (from `../`)

EXTERNAL SOURCES:
  SwiftFlyer:
    :path: ../

SPEC CHECKSUMS:
  CryptoSwift: 033efc3523865d19cc6ab6612fa17a62613b5dfa
  Nimble: 7f5a9c447a33002645a071bddafbfb24ea70e0ac
  Quick: 58d203b1c5e27fff7229c4c1ae445ad7069a7a08
  Starscream: faf918b2f2eff7d5dd21180646bf015a669673bd
  SwiftFlyer: d0489dd470b4f30eacec1986e2f4898f5eaa00e8

PODFILE CHECKSUM: 0e2e09933c4a5d391753b4d68ab707c15f8357d7

COCOAPODS: 1.4.0
