PODS:
  - CryptoSwift (0.9.0)
  - Nimble (7.0.3)
  - Quick (1.2.0)
  - SwiftFlyer (0.2.0):
    - CryptoSwift (~> 0.8)
    - SwiftWebSocket (~> 2.7)
  - SwiftWebSocket (2.7.0)

DEPENDENCIES:
  - Nimble (~> 7.0.2)
  - Quick (~> 1.2.0)
  - SwiftFlyer (from `../`)

EXTERNAL SOURCES:
  SwiftFlyer:
    :path: ../

SPEC CHECKSUMS:
  CryptoSwift: bca8c5b653dcc2d9734409242a070ff53bafac86
  Nimble: 7f5a9c447a33002645a071bddafbfb24ea70e0ac
  Quick: 58d203b1c5e27fff7229c4c1ae445ad7069a7a08
  SwiftFlyer: 24de2f709a4d3aeeeaff1c32070aeccb1031f728
  SwiftWebSocket: 612c9729fd503cb6b0b8b45390c788686dac306f

PODFILE CHECKSUM: 0e2e09933c4a5d391753b4d68ab707c15f8357d7

COCOAPODS: 1.4.0
