PODS:
  - CryptoSwift (1.0.0)
  - Nimble (8.0.1)
  - Quick (2.1.0)
  - Starscream (3.1.0)
  - SwiftFlyer (0.2.2):
    - CryptoSwift (~> 1.0.0)
    - Starscream (~> 3.1.0)

DEPENDENCIES:
  - Nimble (~> 8.0.1)
  - Quick (~> 2.1.0)
  - SwiftFlyer (from `../`)

SPEC REPOS:
  https://github.com/cocoapods/specs.git:
    - CryptoSwift
    - Nimble
    - Quick
    - Starscream

EXTERNAL SOURCES:
  SwiftFlyer:
    :path: "../"

SPEC CHECKSUMS:
  CryptoSwift: d81eeaa59dc5a8d03720fe919a6fd07b51f7439f
  Nimble: 45f786ae66faa9a709624227fae502db55a8bdd0
  Quick: 4be43f6634acfa727dd106bdf3929ce125ffa79d
  Starscream: 08172b481e145289c4930cb567230fb55897cfa4
  SwiftFlyer: b3cafbb99c1c6f85e70c9c7e151dc5abf82c1930

PODFILE CHECKSUM: 51db0d67ea0f7430370160be49ec1abad8580887

COCOAPODS: 1.6.0
